
Microsoft Visual Studio Solution File, Format Version 12.00
# Visual Studio Version 17
VisualStudioVersion = 17.2.32526.322
MinimumVisualStudioVersion = 10.0.40219.1
Project("{9A19103F-16F7-4668-BE54-9A1E7A4F7556}") = "EncryptionAPI", "EncryptionAPI\EncryptionAPI.csproj", "{FA44F4F9-4A23-472B-8935-FE1F6C7080E2}"
EndProject
Project("{9A19103F-16F7-4668-BE54-9A1E7A4F7556}") = "UsersAPI", "API\UsersAPI.csproj", "{9488AF64-EB1B-4470-B0AA-0F3FF558A716}"
EndProject
Global
	GlobalSection(SolutionConfigurationPlatforms) = preSolution
		Debug|Any CPU = Debug|Any CPU
		Release|Any CPU = Release|Any CPU
	EndGlobalSection
	GlobalSection(ProjectConfigurationPlatforms) = postSolution
		{FA44F4F9-4A23-472B-8935-FE1F6C7080E2}.Debug|Any CPU.ActiveCfg = Debug|Any CPU
		{FA44F4F9-4A23-472B-8935-FE1F6C7080E2}.Debug|Any CPU.Build.0 = Debug|Any CPU
		{FA44F4F9-4A23-472B-8935-FE1F6C7080E2}.Release|Any CPU.ActiveCfg = Release|Any CPU
		{FA44F4F9-4A23-472B-8935-FE1F6C7080E2}.Release|Any CPU.Build.0 = Release|Any CPU
		{9488AF64-EB1B-4470-B0AA-0F3FF558A716}.Debug|Any CPU.ActiveCfg = Debug|Any CPU
		{9488AF64-EB1B-4470-B0AA-0F3FF558A716}.Debug|Any CPU.Build.0 = Debug|Any CPU
		{9488AF64-EB1B-4470-B0AA-0F3FF558A716}.Release|Any CPU.ActiveCfg = Release|Any CPU
		{9488AF64-EB1B-4470-B0AA-0F3FF558A716}.Release|Any CPU.Build.0 = Release|Any CPU
	EndGlobalSection
	GlobalSection(SolutionProperties) = preSolution
		HideSolutionNode = FALSE
	EndGlobalSection
	GlobalSection(ExtensibilityGlobals) = postSolution
		SolutionGuid = {CCC25F9F-06E3-434D-A130-C77381DAA1F0}
	EndGlobalSection
EndGlobal
