
Microsoft Visual Studio Solution File, Format Version 12.00
# Visual Studio Version 17
VisualStudioVersion = 17.2.32526.322
MinimumVisualStudioVersion = 10.0.40219.1
Project("{9A19103F-16F7-4668-BE54-9A1E7A4F7556}") = "EncryptionAPI", "EncryptionAPI\EncryptionAPI.csproj", "{FA44F4F9-4A23-472B-8935-FE1F6C7080E2}"
EndProject
Project("{2150E333-8FDC-42A3-9474-1A3956D46DE8}") = "Tests", "Tests", "{866D5F5F-BE21-482A-A954-3767324DAB56}"
EndProject
Project("{2150E333-8FDC-42A3-9474-1A3956D46DE8}") = "Libraries", "Libraries", "{6EB8A9C6-D96D-4087-B7DE-775CBB23742D}"
EndProject
Project("{9A19103F-16F7-4668-BE54-9A1E7A4F7556}") = "DataLayer.Tests", "DataLayer.Tests\DataLayer.Tests.csproj", "{10EC8C6E-E06A-4B19-ADE6-8CC21A210EB6}"
EndProject
Project("{9A19103F-16F7-4668-BE54-9A1E7A4F7556}") = "Encryption.Tests", "Encryption.Tests\Encryption.Tests.csproj", "{9AA5CC6F-74C7-4ABA-8D2A-7FABFC3699D2}"
EndProject
Project("{9A19103F-16F7-4668-BE54-9A1E7A4F7556}") = "Models.Tests", "Models.Tests\Models.Tests.csproj", "{6F3AC727-8A8E-4770-AC09-EEED5A7910CA}"
EndProject
Project("{9A19103F-16F7-4668-BE54-9A1E7A4F7556}") = "Validation.Tests", "Validation.Tests\Validation.Tests.csproj", "{119CDAEC-2BFE-4722-9E8E-0DC0E4938189}"
EndProject
Project("{9A19103F-16F7-4668-BE54-9A1E7A4F7556}") = "DataLayer", "Libraries\DataLayer\DataLayer.csproj", "{334C17FA-B7E2-4671-9340-27A03FDDFA21}"
EndProject
Project("{9A19103F-16F7-4668-BE54-9A1E7A4F7556}") = "Encryption", "Libraries\Encryption\Encryption.csproj", "{33A7F824-3F46-40F2-B66C-0158DCF6B730}"
EndProject
Project("{9A19103F-16F7-4668-BE54-9A1E7A4F7556}") = "Models", "Libraries\Models\Models.csproj", "{1B48ED2E-1918-407F-9E96-573271BD6358}"
EndProject
Project("{9A19103F-16F7-4668-BE54-9A1E7A4F7556}") = "Validation", "Libraries\Validation\Validation.csproj", "{F1704745-989C-439E-9F25-9508CA6D8571}"
EndProject
Project("{9A19103F-16F7-4668-BE54-9A1E7A4F7556}") = "UsersAPI", "UsersAPI\UsersAPI.csproj", "{8A14494E-2CCC-4B16-9F60-6D16305A2ECC}"
EndProject
Global
	GlobalSection(SolutionConfigurationPlatforms) = preSolution
		Debug|Any CPU = Debug|Any CPU
		Release|Any CPU = Release|Any CPU
	EndGlobalSection
	GlobalSection(ProjectConfigurationPlatforms) = postSolution
		{FA44F4F9-4A23-472B-8935-FE1F6C7080E2}.Debug|Any CPU.ActiveCfg = Debug|Any CPU
		{FA44F4F9-4A23-472B-8935-FE1F6C7080E2}.Debug|Any CPU.Build.0 = Debug|Any CPU
		{FA44F4F9-4A23-472B-8935-FE1F6C7080E2}.Release|Any CPU.ActiveCfg = Release|Any CPU
		{FA44F4F9-4A23-472B-8935-FE1F6C7080E2}.Release|Any CPU.Build.0 = Release|Any CPU
		{10EC8C6E-E06A-4B19-ADE6-8CC21A210EB6}.Debug|Any CPU.ActiveCfg = Debug|Any CPU
		{10EC8C6E-E06A-4B19-ADE6-8CC21A210EB6}.Debug|Any CPU.Build.0 = Debug|Any CPU
		{10EC8C6E-E06A-4B19-ADE6-8CC21A210EB6}.Release|Any CPU.ActiveCfg = Release|Any CPU
		{10EC8C6E-E06A-4B19-ADE6-8CC21A210EB6}.Release|Any CPU.Build.0 = Release|Any CPU
		{9AA5CC6F-74C7-4ABA-8D2A-7FABFC3699D2}.Debug|Any CPU.ActiveCfg = Debug|Any CPU
		{9AA5CC6F-74C7-4ABA-8D2A-7FABFC3699D2}.Debug|Any CPU.Build.0 = Debug|Any CPU
		{9AA5CC6F-74C7-4ABA-8D2A-7FABFC3699D2}.Release|Any CPU.ActiveCfg = Release|Any CPU
		{9AA5CC6F-74C7-4ABA-8D2A-7FABFC3699D2}.Release|Any CPU.Build.0 = Release|Any CPU
		{6F3AC727-8A8E-4770-AC09-EEED5A7910CA}.Debug|Any CPU.ActiveCfg = Debug|Any CPU
		{6F3AC727-8A8E-4770-AC09-EEED5A7910CA}.Debug|Any CPU.Build.0 = Debug|Any CPU
		{6F3AC727-8A8E-4770-AC09-EEED5A7910CA}.Release|Any CPU.ActiveCfg = Release|Any CPU
		{6F3AC727-8A8E-4770-AC09-EEED5A7910CA}.Release|Any CPU.Build.0 = Release|Any CPU
		{119CDAEC-2BFE-4722-9E8E-0DC0E4938189}.Debug|Any CPU.ActiveCfg = Debug|Any CPU
		{119CDAEC-2BFE-4722-9E8E-0DC0E4938189}.Debug|Any CPU.Build.0 = Debug|Any CPU
		{119CDAEC-2BFE-4722-9E8E-0DC0E4938189}.Release|Any CPU.ActiveCfg = Release|Any CPU
		{119CDAEC-2BFE-4722-9E8E-0DC0E4938189}.Release|Any CPU.Build.0 = Release|Any CPU
		{334C17FA-B7E2-4671-9340-27A03FDDFA21}.Debug|Any CPU.ActiveCfg = Debug|Any CPU
		{334C17FA-B7E2-4671-9340-27A03FDDFA21}.Debug|Any CPU.Build.0 = Debug|Any CPU
		{334C17FA-B7E2-4671-9340-27A03FDDFA21}.Release|Any CPU.ActiveCfg = Release|Any CPU
		{334C17FA-B7E2-4671-9340-27A03FDDFA21}.Release|Any CPU.Build.0 = Release|Any CPU
		{33A7F824-3F46-40F2-B66C-0158DCF6B730}.Debug|Any CPU.ActiveCfg = Debug|Any CPU
		{33A7F824-3F46-40F2-B66C-0158DCF6B730}.Debug|Any CPU.Build.0 = Debug|Any CPU
		{33A7F824-3F46-40F2-B66C-0158DCF6B730}.Release|Any CPU.ActiveCfg = Release|Any CPU
		{33A7F824-3F46-40F2-B66C-0158DCF6B730}.Release|Any CPU.Build.0 = Release|Any CPU
		{1B48ED2E-1918-407F-9E96-573271BD6358}.Debug|Any CPU.ActiveCfg = Debug|Any CPU
		{1B48ED2E-1918-407F-9E96-573271BD6358}.Debug|Any CPU.Build.0 = Debug|Any CPU
		{1B48ED2E-1918-407F-9E96-573271BD6358}.Release|Any CPU.ActiveCfg = Release|Any CPU
		{1B48ED2E-1918-407F-9E96-573271BD6358}.Release|Any CPU.Build.0 = Release|Any CPU
		{F1704745-989C-439E-9F25-9508CA6D8571}.Debug|Any CPU.ActiveCfg = Debug|Any CPU
		{F1704745-989C-439E-9F25-9508CA6D8571}.Debug|Any CPU.Build.0 = Debug|Any CPU
		{F1704745-989C-439E-9F25-9508CA6D8571}.Release|Any CPU.ActiveCfg = Release|Any CPU
		{F1704745-989C-439E-9F25-9508CA6D8571}.Release|Any CPU.Build.0 = Release|Any CPU
		{8A14494E-2CCC-4B16-9F60-6D16305A2ECC}.Debug|Any CPU.ActiveCfg = Debug|Any CPU
		{8A14494E-2CCC-4B16-9F60-6D16305A2ECC}.Debug|Any CPU.Build.0 = Debug|Any CPU
		{8A14494E-2CCC-4B16-9F60-6D16305A2ECC}.Release|Any CPU.ActiveCfg = Release|Any CPU
		{8A14494E-2CCC-4B16-9F60-6D16305A2ECC}.Release|Any CPU.Build.0 = Release|Any CPU
	EndGlobalSection
	GlobalSection(SolutionProperties) = preSolution
		HideSolutionNode = FALSE
	EndGlobalSection
	GlobalSection(NestedProjects) = preSolution
		{10EC8C6E-E06A-4B19-ADE6-8CC21A210EB6} = {866D5F5F-BE21-482A-A954-3767324DAB56}
		{9AA5CC6F-74C7-4ABA-8D2A-7FABFC3699D2} = {866D5F5F-BE21-482A-A954-3767324DAB56}
		{6F3AC727-8A8E-4770-AC09-EEED5A7910CA} = {866D5F5F-BE21-482A-A954-3767324DAB56}
		{119CDAEC-2BFE-4722-9E8E-0DC0E4938189} = {866D5F5F-BE21-482A-A954-3767324DAB56}
		{334C17FA-B7E2-4671-9340-27A03FDDFA21} = {6EB8A9C6-D96D-4087-B7DE-775CBB23742D}
		{33A7F824-3F46-40F2-B66C-0158DCF6B730} = {6EB8A9C6-D96D-4087-B7DE-775CBB23742D}
		{1B48ED2E-1918-407F-9E96-573271BD6358} = {6EB8A9C6-D96D-4087-B7DE-775CBB23742D}
		{F1704745-989C-439E-9F25-9508CA6D8571} = {6EB8A9C6-D96D-4087-B7DE-775CBB23742D}
	EndGlobalSection
	GlobalSection(ExtensibilityGlobals) = postSolution
		SolutionGuid = {CCC25F9F-06E3-434D-A130-C77381DAA1F0}
	EndGlobalSection
EndGlobal
